
Microsoft Visual Studio Solution File, Format Version 12.00
# Visual Studio Version 16
VisualStudioVersion = 16.0.30523.141
MinimumVisualStudioVersion = 10.0.40219.1
Project("{FAE04EC0-301F-11D3-BF4B-00C04F79EFBC}") = "G8_RepteEntityFramework", "G8_RepteEntityFramework\G8_RepteEntityFramework.csproj", "{C148FDA2-ED9A-402C-B7DA-082100305B49}"
EndProject
Global
	GlobalSection(SolutionConfigurationPlatforms) = preSolution
		Debug|Any CPU = Debug|Any CPU
		Release|Any CPU = Release|Any CPU
	EndGlobalSection
	GlobalSection(ProjectConfigurationPlatforms) = postSolution
		{C148FDA2-ED9A-402C-B7DA-082100305B49}.Debug|Any CPU.ActiveCfg = Debug|Any CPU
		{C148FDA2-ED9A-402C-B7DA-082100305B49}.Debug|Any CPU.Build.0 = Debug|Any CPU
		{C148FDA2-ED9A-402C-B7DA-082100305B49}.Release|Any CPU.ActiveCfg = Release|Any CPU
		{C148FDA2-ED9A-402C-B7DA-082100305B49}.Release|Any CPU.Build.0 = Release|Any CPU
	EndGlobalSection
	GlobalSection(SolutionProperties) = preSolution
		HideSolutionNode = FALSE
	EndGlobalSection
	GlobalSection(ExtensibilityGlobals) = postSolution
		SolutionGuid = {0F47C061-0103-4E04-8CE3-D42051AFB9BF}
	EndGlobalSection
EndGlobal
