
Microsoft Visual Studio Solution File, Format Version 12.00
# Visual Studio Version 16
VisualStudioVersion = 16.0.30523.141
MinimumVisualStudioVersion = 10.0.40219.1
Project("{FAE04EC0-301F-11D3-BF4B-00C04F79EFBC}") = "G8_MillenniumCode", "G8_MillenniumCode\G8_MillenniumCode.csproj", "{15947912-29B2-435D-ACA1-E6B5551398FA}"
EndProject
Project("{FAE04EC0-301F-11D3-BF4B-00C04F79EFBC}") = "G8M_FormBase", "G8M_FormBase\G8M_FormBase.csproj", "{F4633FEA-BC70-4823-BF39-03BDB0E42018}"
EndProject
Project("{FAE04EC0-301F-11D3-BF4B-00C04F79EFBC}") = "G8M_LibreriaControles", "G8M_LibreriaControles\G8M_LibreriaControles.csproj", "{E4EE86A8-0F48-49FF-84B1-00E29CD07BEF}"
EndProject
Project("{FAE04EC0-301F-11D3-BF4B-00C04F79EFBC}") = "G8M_AccesoDatos", "G8M_AccesoDatos\G8M_AccesoDatos.csproj", "{FE562EB4-7A92-4649-8E28-6784B88E0046}"
EndProject
Project("{FAE04EC0-301F-11D3-BF4B-00C04F79EFBC}") = "G8M_TableAgencies", "G8M_Agencies\G8M_TableAgencies.csproj", "{975AFCBC-B615-4322-A98A-62DB8A44C0F8}"
EndProject
Project("{FAE04EC0-301F-11D3-BF4B-00C04F79EFBC}") = "G8M_TablePlanets", "G8M_Planets\G8M_TablePlanets.csproj", "{285045D4-AB6B-4670-B441-2A73943EF482}"
EndProject
Project("{FAE04EC0-301F-11D3-BF4B-00C04F79EFBC}") = "G8M_TableSpecies", "G8M_TableSpecies\G8M_TableSpecies.csproj", "{EF546D3E-FBEF-459F-AF46-F70552D7C99D}"
EndProject
Project("{FAE04EC0-301F-11D3-BF4B-00C04F79EFBC}") = "G8M_TableUsers", "G8M_TableUsers\G8M_TableUsers.csproj", "{470DF3C4-7015-4B94-AFE5-0EA71B04BCAD}"
EndProject
Global
	GlobalSection(SolutionConfigurationPlatforms) = preSolution
		Debug|Any CPU = Debug|Any CPU
		Release|Any CPU = Release|Any CPU
	EndGlobalSection
	GlobalSection(ProjectConfigurationPlatforms) = postSolution
		{15947912-29B2-435D-ACA1-E6B5551398FA}.Debug|Any CPU.ActiveCfg = Debug|Any CPU
		{15947912-29B2-435D-ACA1-E6B5551398FA}.Debug|Any CPU.Build.0 = Debug|Any CPU
		{15947912-29B2-435D-ACA1-E6B5551398FA}.Release|Any CPU.ActiveCfg = Release|Any CPU
		{15947912-29B2-435D-ACA1-E6B5551398FA}.Release|Any CPU.Build.0 = Release|Any CPU
		{F4633FEA-BC70-4823-BF39-03BDB0E42018}.Debug|Any CPU.ActiveCfg = Debug|Any CPU
		{F4633FEA-BC70-4823-BF39-03BDB0E42018}.Debug|Any CPU.Build.0 = Debug|Any CPU
		{F4633FEA-BC70-4823-BF39-03BDB0E42018}.Release|Any CPU.ActiveCfg = Release|Any CPU
		{F4633FEA-BC70-4823-BF39-03BDB0E42018}.Release|Any CPU.Build.0 = Release|Any CPU
		{E4EE86A8-0F48-49FF-84B1-00E29CD07BEF}.Debug|Any CPU.ActiveCfg = Debug|Any CPU
		{E4EE86A8-0F48-49FF-84B1-00E29CD07BEF}.Debug|Any CPU.Build.0 = Debug|Any CPU
		{E4EE86A8-0F48-49FF-84B1-00E29CD07BEF}.Release|Any CPU.ActiveCfg = Release|Any CPU
		{E4EE86A8-0F48-49FF-84B1-00E29CD07BEF}.Release|Any CPU.Build.0 = Release|Any CPU
		{FE562EB4-7A92-4649-8E28-6784B88E0046}.Debug|Any CPU.ActiveCfg = Debug|Any CPU
		{FE562EB4-7A92-4649-8E28-6784B88E0046}.Debug|Any CPU.Build.0 = Debug|Any CPU
		{FE562EB4-7A92-4649-8E28-6784B88E0046}.Release|Any CPU.ActiveCfg = Release|Any CPU
		{FE562EB4-7A92-4649-8E28-6784B88E0046}.Release|Any CPU.Build.0 = Release|Any CPU
		{975AFCBC-B615-4322-A98A-62DB8A44C0F8}.Debug|Any CPU.ActiveCfg = Debug|Any CPU
		{975AFCBC-B615-4322-A98A-62DB8A44C0F8}.Debug|Any CPU.Build.0 = Debug|Any CPU
		{975AFCBC-B615-4322-A98A-62DB8A44C0F8}.Release|Any CPU.ActiveCfg = Release|Any CPU
		{975AFCBC-B615-4322-A98A-62DB8A44C0F8}.Release|Any CPU.Build.0 = Release|Any CPU
		{285045D4-AB6B-4670-B441-2A73943EF482}.Debug|Any CPU.ActiveCfg = Debug|Any CPU
		{285045D4-AB6B-4670-B441-2A73943EF482}.Debug|Any CPU.Build.0 = Debug|Any CPU
		{285045D4-AB6B-4670-B441-2A73943EF482}.Release|Any CPU.ActiveCfg = Release|Any CPU
		{285045D4-AB6B-4670-B441-2A73943EF482}.Release|Any CPU.Build.0 = Release|Any CPU
		{EF546D3E-FBEF-459F-AF46-F70552D7C99D}.Debug|Any CPU.ActiveCfg = Debug|Any CPU
		{EF546D3E-FBEF-459F-AF46-F70552D7C99D}.Debug|Any CPU.Build.0 = Debug|Any CPU
		{EF546D3E-FBEF-459F-AF46-F70552D7C99D}.Release|Any CPU.ActiveCfg = Release|Any CPU
		{EF546D3E-FBEF-459F-AF46-F70552D7C99D}.Release|Any CPU.Build.0 = Release|Any CPU
		{470DF3C4-7015-4B94-AFE5-0EA71B04BCAD}.Debug|Any CPU.ActiveCfg = Debug|Any CPU
		{470DF3C4-7015-4B94-AFE5-0EA71B04BCAD}.Debug|Any CPU.Build.0 = Debug|Any CPU
		{470DF3C4-7015-4B94-AFE5-0EA71B04BCAD}.Release|Any CPU.ActiveCfg = Release|Any CPU
		{470DF3C4-7015-4B94-AFE5-0EA71B04BCAD}.Release|Any CPU.Build.0 = Release|Any CPU
	EndGlobalSection
	GlobalSection(SolutionProperties) = preSolution
		HideSolutionNode = FALSE
	EndGlobalSection
	GlobalSection(ExtensibilityGlobals) = postSolution
		SolutionGuid = {848CB0E6-2616-4764-AB9D-ED700A75DDC5}
	EndGlobalSection
EndGlobal
