
Microsoft Visual Studio Solution File, Format Version 12.00
# Visual Studio Version 16
VisualStudioVersion = 16.0.30523.141
MinimumVisualStudioVersion = 10.0.40219.1
Project("{FAE04EC0-301F-11D3-BF4B-00C04F79EFBC}") = "G8_MillenniumCode", "G8_MillenniumCode\G8_MillenniumCode.csproj", "{15947912-29B2-435D-ACA1-E6B5551398FA}"
EndProject
Project("{FAE04EC0-301F-11D3-BF4B-00C04F79EFBC}") = "G8M_FormBase", "G8M_FormBase\G8M_FormBase.csproj", "{F4633FEA-BC70-4823-BF39-03BDB0E42018}"
EndProject
Global
	GlobalSection(SolutionConfigurationPlatforms) = preSolution
		Debug|Any CPU = Debug|Any CPU
		Release|Any CPU = Release|Any CPU
	EndGlobalSection
	GlobalSection(ProjectConfigurationPlatforms) = postSolution
		{15947912-29B2-435D-ACA1-E6B5551398FA}.Debug|Any CPU.ActiveCfg = Debug|Any CPU
		{15947912-29B2-435D-ACA1-E6B5551398FA}.Debug|Any CPU.Build.0 = Debug|Any CPU
		{15947912-29B2-435D-ACA1-E6B5551398FA}.Release|Any CPU.ActiveCfg = Release|Any CPU
		{15947912-29B2-435D-ACA1-E6B5551398FA}.Release|Any CPU.Build.0 = Release|Any CPU
		{F4633FEA-BC70-4823-BF39-03BDB0E42018}.Debug|Any CPU.ActiveCfg = Debug|Any CPU
		{F4633FEA-BC70-4823-BF39-03BDB0E42018}.Debug|Any CPU.Build.0 = Debug|Any CPU
		{F4633FEA-BC70-4823-BF39-03BDB0E42018}.Release|Any CPU.ActiveCfg = Release|Any CPU
		{F4633FEA-BC70-4823-BF39-03BDB0E42018}.Release|Any CPU.Build.0 = Release|Any CPU
	EndGlobalSection
	GlobalSection(SolutionProperties) = preSolution
		HideSolutionNode = FALSE
	EndGlobalSection
	GlobalSection(ExtensibilityGlobals) = postSolution
		SolutionGuid = {848CB0E6-2616-4764-AB9D-ED700A75DDC5}
	EndGlobalSection
EndGlobal
